
Microsoft Visual Studio Solution File, Format Version 12.00
# Visual Studio Version 17
VisualStudioVersion = 17.1.32210.238
MinimumVisualStudioVersion = 10.0.40219.1
Project("{FAE04EC0-301F-11D3-BF4B-00C04F79EFBC}") = "Ass2lrc", "Ass2lrc.csproj", "{96DD11DD-1C24-4CCE-BE44-BFD775EE50F5}"
EndProject
Global
	GlobalSection(SolutionConfigurationPlatforms) = preSolution
		Debug|Any CPU = Debug|Any CPU
		Release|Any CPU = Release|Any CPU
	EndGlobalSection
	GlobalSection(ProjectConfigurationPlatforms) = postSolution
		{96DD11DD-1C24-4CCE-BE44-BFD775EE50F5}.Debug|Any CPU.ActiveCfg = Debug|Any CPU
		{96DD11DD-1C24-4CCE-BE44-BFD775EE50F5}.Debug|Any CPU.Build.0 = Debug|Any CPU
		{96DD11DD-1C24-4CCE-BE44-BFD775EE50F5}.Release|Any CPU.ActiveCfg = Release|Any CPU
		{96DD11DD-1C24-4CCE-BE44-BFD775EE50F5}.Release|Any CPU.Build.0 = Release|Any CPU
	EndGlobalSection
	GlobalSection(SolutionProperties) = preSolution
		HideSolutionNode = FALSE
	EndGlobalSection
	GlobalSection(ExtensibilityGlobals) = postSolution
		SolutionGuid = {80237E7B-F784-4BAB-B233-CA28CCC7116D}
	EndGlobalSection
EndGlobal
